
Microsoft Visual Studio Solution File, Format Version 12.00
# Visual Studio Version 17
VisualStudioVersion = 17.5.002.0
MinimumVisualStudioVersion = 10.0.40219.1
Project("{9A19103F-16F7-4668-BE54-9A1E7A4F7556}") = "3-writeline", "3-writeline\3-writeline.csproj", "{72B7A198-63BA-4436-B6ED-9150922050C8}"
EndProject
Project("{9A19103F-16F7-4668-BE54-9A1E7A4F7556}") = "4-print_integer", "4-print_integer\4-print_integer.csproj", "{CF0A43B9-0727-4365-AA87-63C8854EC649}"
EndProject
Global
	GlobalSection(SolutionConfigurationPlatforms) = preSolution
		Debug|Any CPU = Debug|Any CPU
		Release|Any CPU = Release|Any CPU
	EndGlobalSection
	GlobalSection(ProjectConfigurationPlatforms) = postSolution
		{72B7A198-63BA-4436-B6ED-9150922050C8}.Debug|Any CPU.ActiveCfg = Debug|Any CPU
		{72B7A198-63BA-4436-B6ED-9150922050C8}.Debug|Any CPU.Build.0 = Debug|Any CPU
		{72B7A198-63BA-4436-B6ED-9150922050C8}.Release|Any CPU.ActiveCfg = Release|Any CPU
		{72B7A198-63BA-4436-B6ED-9150922050C8}.Release|Any CPU.Build.0 = Release|Any CPU
		{CF0A43B9-0727-4365-AA87-63C8854EC649}.Debug|Any CPU.ActiveCfg = Debug|Any CPU
		{CF0A43B9-0727-4365-AA87-63C8854EC649}.Debug|Any CPU.Build.0 = Debug|Any CPU
		{CF0A43B9-0727-4365-AA87-63C8854EC649}.Release|Any CPU.ActiveCfg = Release|Any CPU
		{CF0A43B9-0727-4365-AA87-63C8854EC649}.Release|Any CPU.Build.0 = Release|Any CPU
	EndGlobalSection
	GlobalSection(SolutionProperties) = preSolution
		HideSolutionNode = FALSE
	EndGlobalSection
	GlobalSection(ExtensibilityGlobals) = postSolution
		SolutionGuid = {8EDEF70E-6E3D-43D0-AF9A-48394C0FEFB1}
	EndGlobalSection
EndGlobal
