
Microsoft Visual Studio Solution File, Format Version 12.00
# Visual Studio Version 17
VisualStudioVersion = 17.0.31903.59
MinimumVisualStudioVersion = 10.0.40219.1
Project("{FAE04EC0-301F-11D3-BF4B-00C04F79EFBC}") = "Text", "Text\Text.csproj", "{8257F4F8-0216-47FE-8934-5C6B0826CD51}"
EndProject
Project("{FAE04EC0-301F-11D3-BF4B-00C04F79EFBC}") = "Text.Tests", "Text.Tests\Text.Tests.csproj", "{9598701D-F085-40C4-8667-2610AB08C13B}"
EndProject
Global
	GlobalSection(SolutionConfigurationPlatforms) = preSolution
		Debug|Any CPU = Debug|Any CPU
		Release|Any CPU = Release|Any CPU
	EndGlobalSection
	GlobalSection(SolutionProperties) = preSolution
		HideSolutionNode = FALSE
	EndGlobalSection
	GlobalSection(ProjectConfigurationPlatforms) = postSolution
		{8257F4F8-0216-47FE-8934-5C6B0826CD51}.Debug|Any CPU.ActiveCfg = Debug|Any CPU
		{8257F4F8-0216-47FE-8934-5C6B0826CD51}.Debug|Any CPU.Build.0 = Debug|Any CPU
		{8257F4F8-0216-47FE-8934-5C6B0826CD51}.Release|Any CPU.ActiveCfg = Release|Any CPU
		{8257F4F8-0216-47FE-8934-5C6B0826CD51}.Release|Any CPU.Build.0 = Release|Any CPU
		{9598701D-F085-40C4-8667-2610AB08C13B}.Debug|Any CPU.ActiveCfg = Debug|Any CPU
		{9598701D-F085-40C4-8667-2610AB08C13B}.Debug|Any CPU.Build.0 = Debug|Any CPU
		{9598701D-F085-40C4-8667-2610AB08C13B}.Release|Any CPU.ActiveCfg = Release|Any CPU
		{9598701D-F085-40C4-8667-2610AB08C13B}.Release|Any CPU.Build.0 = Release|Any CPU
	EndGlobalSection
EndGlobal
